
Microsoft Visual Studio Solution File, Format Version 12.00
# Visual Studio Version 17
VisualStudioVersion = 17.1.31903.286
MinimumVisualStudioVersion = 10.0.40219.1
Project("{9A19103F-16F7-4668-BE54-9A1E7A4F7556}") = "TestProject.API", "TestProject.API\TestProject.API.csproj", "{4D65063B-02C3-4C9E-8CE8-9F889A3135CF}"
EndProject
Project("{9A19103F-16F7-4668-BE54-9A1E7A4F7556}") = "TestProject.DAL", "TestProject.DAL\TestProject.DAL.csproj", "{1BCE9A7F-98D0-41EB-AD42-A9F344D6AEE5}"
EndProject
Project("{9A19103F-16F7-4668-BE54-9A1E7A4F7556}") = "TestProject.Services", "TestProject.Services\TestProject.Services.csproj", "{C8BB063E-787C-4C49-90D2-705EFC8794E5}"
EndProject
Project("{9A19103F-16F7-4668-BE54-9A1E7A4F7556}") = "TestProject.Infrastructure", "TestProject.Infrastructure\TestProject.Infrastructure.csproj", "{86A3C687-1614-4749-A21A-74DB2B744154}"
EndProject
Project("{9A19103F-16F7-4668-BE54-9A1E7A4F7556}") = "TestProject.Repository", "TestProject.Repository\TestProject.Repository.csproj", "{255142F2-746E-4963-ABA7-DE7676D08BC9}"
EndProject
Project("{9A19103F-16F7-4668-BE54-9A1E7A4F7556}") = "TestProject.Utilities", "TestProject.Utilities\TestProject.Utilities.csproj", "{9ADA0E83-893C-4E1C-98FF-76FD3AF92B64}"
EndProject
Project("{9A19103F-16F7-4668-BE54-9A1E7A4F7556}") = "TestProject.ServiceManager", "TestProject.ServiceManager\TestProject.ServiceManager.csproj", "{9EE512DA-2634-49EF-B36C-32F9C9AD1934}"
EndProject
Project("{9092AA53-FB77-4645-B42D-1CCCA6BD08BD}") = "TestProject.DesktopApp", "TestProject.DesktopApp\TestProject.DesktopApp.njsproj", "{385D5055-9C65-43A7-BF1A-6347C2462DC0}"
EndProject
Global
	GlobalSection(SolutionConfigurationPlatforms) = preSolution
		Debug|Any CPU = Debug|Any CPU
		Release|Any CPU = Release|Any CPU
	EndGlobalSection
	GlobalSection(ProjectConfigurationPlatforms) = postSolution
		{4D65063B-02C3-4C9E-8CE8-9F889A3135CF}.Debug|Any CPU.ActiveCfg = Debug|Any CPU
		{4D65063B-02C3-4C9E-8CE8-9F889A3135CF}.Debug|Any CPU.Build.0 = Debug|Any CPU
		{4D65063B-02C3-4C9E-8CE8-9F889A3135CF}.Release|Any CPU.ActiveCfg = Release|Any CPU
		{4D65063B-02C3-4C9E-8CE8-9F889A3135CF}.Release|Any CPU.Build.0 = Release|Any CPU
		{1BCE9A7F-98D0-41EB-AD42-A9F344D6AEE5}.Debug|Any CPU.ActiveCfg = Debug|Any CPU
		{1BCE9A7F-98D0-41EB-AD42-A9F344D6AEE5}.Debug|Any CPU.Build.0 = Debug|Any CPU
		{1BCE9A7F-98D0-41EB-AD42-A9F344D6AEE5}.Release|Any CPU.ActiveCfg = Release|Any CPU
		{1BCE9A7F-98D0-41EB-AD42-A9F344D6AEE5}.Release|Any CPU.Build.0 = Release|Any CPU
		{C8BB063E-787C-4C49-90D2-705EFC8794E5}.Debug|Any CPU.ActiveCfg = Debug|Any CPU
		{C8BB063E-787C-4C49-90D2-705EFC8794E5}.Debug|Any CPU.Build.0 = Debug|Any CPU
		{C8BB063E-787C-4C49-90D2-705EFC8794E5}.Release|Any CPU.ActiveCfg = Release|Any CPU
		{C8BB063E-787C-4C49-90D2-705EFC8794E5}.Release|Any CPU.Build.0 = Release|Any CPU
		{86A3C687-1614-4749-A21A-74DB2B744154}.Debug|Any CPU.ActiveCfg = Debug|Any CPU
		{86A3C687-1614-4749-A21A-74DB2B744154}.Debug|Any CPU.Build.0 = Debug|Any CPU
		{86A3C687-1614-4749-A21A-74DB2B744154}.Release|Any CPU.ActiveCfg = Release|Any CPU
		{86A3C687-1614-4749-A21A-74DB2B744154}.Release|Any CPU.Build.0 = Release|Any CPU
		{255142F2-746E-4963-ABA7-DE7676D08BC9}.Debug|Any CPU.ActiveCfg = Debug|Any CPU
		{255142F2-746E-4963-ABA7-DE7676D08BC9}.Debug|Any CPU.Build.0 = Debug|Any CPU
		{255142F2-746E-4963-ABA7-DE7676D08BC9}.Release|Any CPU.ActiveCfg = Release|Any CPU
		{255142F2-746E-4963-ABA7-DE7676D08BC9}.Release|Any CPU.Build.0 = Release|Any CPU
		{9ADA0E83-893C-4E1C-98FF-76FD3AF92B64}.Debug|Any CPU.ActiveCfg = Debug|Any CPU
		{9ADA0E83-893C-4E1C-98FF-76FD3AF92B64}.Debug|Any CPU.Build.0 = Debug|Any CPU
		{9ADA0E83-893C-4E1C-98FF-76FD3AF92B64}.Release|Any CPU.ActiveCfg = Release|Any CPU
		{9ADA0E83-893C-4E1C-98FF-76FD3AF92B64}.Release|Any CPU.Build.0 = Release|Any CPU
		{9EE512DA-2634-49EF-B36C-32F9C9AD1934}.Debug|Any CPU.ActiveCfg = Debug|Any CPU
		{9EE512DA-2634-49EF-B36C-32F9C9AD1934}.Debug|Any CPU.Build.0 = Debug|Any CPU
		{9EE512DA-2634-49EF-B36C-32F9C9AD1934}.Release|Any CPU.ActiveCfg = Release|Any CPU
		{9EE512DA-2634-49EF-B36C-32F9C9AD1934}.Release|Any CPU.Build.0 = Release|Any CPU
		{385D5055-9C65-43A7-BF1A-6347C2462DC0}.Debug|Any CPU.ActiveCfg = Debug|Any CPU
		{385D5055-9C65-43A7-BF1A-6347C2462DC0}.Debug|Any CPU.Build.0 = Debug|Any CPU
		{385D5055-9C65-43A7-BF1A-6347C2462DC0}.Release|Any CPU.ActiveCfg = Release|Any CPU
		{385D5055-9C65-43A7-BF1A-6347C2462DC0}.Release|Any CPU.Build.0 = Release|Any CPU
	EndGlobalSection
	GlobalSection(SolutionProperties) = preSolution
		HideSolutionNode = FALSE
	EndGlobalSection
	GlobalSection(ExtensibilityGlobals) = postSolution
		SolutionGuid = {329742E7-B193-45D0-A417-2B91311829FF}
	EndGlobalSection
EndGlobal
